
Microsoft Visual Studio Solution File, Format Version 12.00
# Visual Studio Version 16
VisualStudioVersion = 16.0.33027.164
MinimumVisualStudioVersion = 10.0.40219.1
Project("{FAE04EC0-301F-11D3-BF4B-00C04F79EFBC}") = "Employee", "Employee\Employee.csproj", "{F135BF3A-55A5-45BF-9A6B-276B617380CC}"
EndProject
Global
	GlobalSection(SolutionConfigurationPlatforms) = preSolution
		Debug|Any CPU = Debug|Any CPU
		Release|Any CPU = Release|Any CPU
	EndGlobalSection
	GlobalSection(ProjectConfigurationPlatforms) = postSolution
		{F135BF3A-55A5-45BF-9A6B-276B617380CC}.Debug|Any CPU.ActiveCfg = Debug|Any CPU
		{F135BF3A-55A5-45BF-9A6B-276B617380CC}.Debug|Any CPU.Build.0 = Debug|Any CPU
		{F135BF3A-55A5-45BF-9A6B-276B617380CC}.Release|Any CPU.ActiveCfg = Release|Any CPU
		{F135BF3A-55A5-45BF-9A6B-276B617380CC}.Release|Any CPU.Build.0 = Release|Any CPU
	EndGlobalSection
	GlobalSection(SolutionProperties) = preSolution
		HideSolutionNode = FALSE
	EndGlobalSection
	GlobalSection(ExtensibilityGlobals) = postSolution
		SolutionGuid = {89BAA945-9753-4F48-BEEA-9CF6468D3B4E}
	EndGlobalSection
EndGlobal
